// !$*UTF8*$!
{
	archiveVersion = 1;
	classes = {
	};
	objectVersion = 50;
	objects = {

/* Begin PBXBuildFile section */
		83344AC2246F207E006A0D3A /* AppDelegate.swift in Sources */ = {isa = PBXBuildFile; fileRef = 83344AC1246F207E006A0D3A /* AppDelegate.swift */; };
		83344AC4246F207E006A0D3A /* SceneDelegate.swift in Sources */ = {isa = PBXBuildFile; fileRef = 83344AC3246F207E006A0D3A /* SceneDelegate.swift */; };
		83344AC6246F207E006A0D3A /* ViewController.swift in Sources */ = {isa = PBXBuildFile; fileRef = 83344AC5246F207E006A0D3A /* ViewController.swift */; };
		83344AC9246F207E006A0D3A /* Main.storyboard in Resources */ = {isa = PBXBuildFile; fileRef = 83344AC7246F207E006A0D3A /* Main.storyboard */; };
		83344ACC246F207E006A0D3A /* SeeFood.xcdatamodeld in Sources */ = {isa = PBXBuildFile; fileRef = 83344ACA246F207E006A0D3A /* SeeFood.xcdatamodeld */; };
		83344ACE246F2083006A0D3A /* Assets.xcassets in Resources */ = {isa = PBXBuildFile; fileRef = 83344ACD246F2083006A0D3A /* Assets.xcassets */; };
		83344AD1246F2083006A0D3A /* LaunchScreen.storyboard in Resources */ = {isa = PBXBuildFile; fileRef = 83344ACF246F2083006A0D3A /* LaunchScreen.storyboard */; };
		83344AD9246F211A006A0D3A /* Inceptionv3.mlmodel in Sources */ = {isa = PBXBuildFile; fileRef = 83344AD8246F211A006A0D3A /* Inceptionv3.mlmodel */; };
/* End PBXBuildFile section */

/* Begin PBXFileReference section */
		83344ABE246F207E006A0D3A /* SeeFood.app */ = {isa = PBXFileReference; explicitFileType = wrapper.application; includeInIndex = 0; path = SeeFood.app; sourceTree = BUILT_PRODUCTS_DIR; };
		83344AC1246F207E006A0D3A /* AppDelegate.swift */ = {isa = PBXFileReference; lastKnownFileType = sourcecode.swift; path = AppDelegate.swift; sourceTree = "<group>"; };
		83344AC3246F207E006A0D3A /* SceneDelegate.swift */ = {isa = PBXFileReference; lastKnownFileType = sourcecode.swift; path = SceneDelegate.swift; sourceTree = "<group>"; };
		83344AC5246F207E006A0D3A /* ViewController.swift */ = {isa = PBXFileReference; lastKnownFileType = sourcecode.swift; path = ViewController.swift; sourceTree = "<group>"; };
		83344AC8246F207E006A0D3A /* Base */ = {isa = PBXFileReference; lastKnownFileType = file.storyboard; name = Base; path = Base.lproj/Main.storyboard; sourceTree = "<group>"; };
		83344ACB246F207E006A0D3A /* SeeFood.xcdatamodel */ = {isa = PBXFileReference; lastKnownFileType = wrapper.xcdatamodel; path = SeeFood.xcdatamodel; sourceTree = "<group>"; };
		83344ACD246F2083006A0D3A /* Assets.xcassets */ = {isa = PBXFileReference; lastKnownFileType = folder.assetcatalog; path = Assets.xcassets; sourceTree = "<group>"; };
		83344AD0246F2083006A0D3A /* Base */ = {isa = PBXFileReference; lastKnownFileType = file.storyboard; name = Base; path = Base.lproj/LaunchScreen.storyboard; sourceTree = "<group>"; };
		83344AD2246F2083006A0D3A /* Info.plist */ = {isa = PBXFileReference; lastKnownFileType = text.plist.xml; path = Info.plist; sourceTree = "<group>"; };
		83344AD8246F211A006A0D3A /* Inceptionv3.mlmodel */ = {isa = PBXFileReference; lastKnownFileType = file.mlmodel; path = Inceptionv3.mlmodel; sourceTree = "<group>"; };
/* End PBXFileReference section */

/* Begin PBXFrameworksBuildPhase section */
		83344ABB246F207E006A0D3A /* Frameworks */ = {
			isa = PBXFrameworksBuildPhase;
			buildActionMask = 2147483647;
			files = (
			);
			runOnlyForDeploymentPostprocessing = 0;
		};
/* End PBXFrameworksBuildPhase section */

/* Begin PBXGroup section */
		83344AB5246F207D006A0D3A = {
			isa = PBXGroup;
			children = (
				83344AC0246F207E006A0D3A /* SeeFood */,
				83344ABF246F207E006A0D3A /* Products */,
			);
			sourceTree = "<group>";
		};
		83344ABF246F207E006A0D3A /* Products */ = {
			isa = PBXGroup;
			children = (
				83344ABE246F207E006A0D3A /* SeeFood.app */,
			);
			name = Products;
			sourceTree = "<group>";
		};
		83344AC0246F207E006A0D3A /* SeeFood */ = {
			isa = PBXGroup;
			children = (
				83344AC1246F207E006A0D3A /* AppDelegate.swift */,
				83344AC3246F207E006A0D3A /* SceneDelegate.swift */,
				83344AC5246F207E006A0D3A /* ViewController.swift */,
				83344AC7246F207E006A0D3A /* Main.storyboard */,
				83344AD8246F211A006A0D3A /* Inceptionv3.mlmodel */,
				83344ACD246F2083006A0D3A /* Assets.xcassets */,
				83344ACF246F2083006A0D3A /* LaunchScreen.storyboard */,
				83344AD2246F2083006A0D3A /* Info.plist */,
				83344ACA246F207E006A0D3A /* SeeFood.xcdatamodeld */,
			);
			path = SeeFood;
			sourceTree = "<group>";
		};
/* End PBXGroup section */

/* Begin PBXNativeTarget section */
		83344ABD246F207E006A0D3A /* SeeFood */ = {
			isa = PBXNativeTarget;
			buildConfigurationList = 83344AD5246F2083006A0D3A /* Build configuration list for PBXNativeTarget "SeeFood" */;
			buildPhases = (
				83344ABA246F207E006A0D3A /* Sources */,
				83344ABB246F207E006A0D3A /* Frameworks */,
				83344ABC246F207E006A0D3A /* Resources */,
			);
			buildRules = (
			);
			dependencies = (
			);
			name = SeeFood;
			productName = SeeFood;
			productReference = 83344ABE246F207E006A0D3A /* SeeFood.app */;
			productType = "com.apple.product-type.application";
		};
/* End PBXNativeTarget section */

/* Begin PBXProject section */
		83344AB6246F207D006A0D3A /* Project object */ = {
			isa = PBXProject;
			attributes = {
				LastSwiftUpdateCheck = 1140;
				LastUpgradeCheck = 1140;
				ORGANIZATIONNAME = "Andrae Henry";
				TargetAttributes = {
					83344ABD246F207E006A0D3A = {
						CreatedOnToolsVersion = 11.4.1;
					};
				};
			};
			buildConfigurationList = 83344AB9246F207E006A0D3A /* Build configuration list for PBXProject "SeeFood" */;
			compatibilityVersion = "Xcode 9.3";
			developmentRegion = en;
			hasScannedForEncodings = 0;
			knownRegions = (
				en,
				Base,
			);
			mainGroup = 83344AB5246F207D006A0D3A;
			productRefGroup = 83344ABF246F207E006A0D3A /* Products */;
			projectDirPath = "";
			projectRoot = "";
			targets = (
				83344ABD246F207E006A0D3A /* SeeFood */,
			);
		};
/* End PBXProject section */

/* Begin PBXResourcesBuildPhase section */
		83344ABC246F207E006A0D3A /* Resources */ = {
			isa = PBXResourcesBuildPhase;
			buildActionMask = 2147483647;
			files = (
				83344AD1246F2083006A0D3A /* LaunchScreen.storyboard in Resources */,
				83344ACE246F2083006A0D3A /* Assets.xcassets in Resources */,
				83344AC9246F207E006A0D3A /* Main.storyboard in Resources */,
			);
			runOnlyForDeploymentPostprocessing = 0;
		};
/* End PBXResourcesBuildPhase section */

/* Begin PBXSourcesBuildPhase section */
		83344ABA246F207E006A0D3A /* Sources */ = {
			isa = PBXSourcesBuildPhase;
			buildActionMask = 2147483647;
			files = (
				83344AD9246F211A006A0D3A /* Inceptionv3.mlmodel in Sources */,
				83344AC6246F207E006A0D3A /* ViewController.swift in Sources */,
				83344ACC246F207E006A0D3A /* SeeFood.xcdatamodeld in Sources */,
				83344AC2246F207E006A0D3A /* AppDelegate.swift in Sources */,
				83344AC4246F207E006A0D3A /* SceneDelegate.swift in Sources */,
			);
			runOnlyForDeploymentPostprocessing = 0;
		};
/* End PBXSourcesBuildPhase section */

/* Begin PBXVariantGroup section */
		83344AC7246F207E006A0D3A /* Main.storyboard */ = {
			isa = PBXVariantGroup;
			children = (
				83344AC8246F207E006A0D3A /* Base */,
			);
			name = Main.storyboard;
			sourceTree = "<group>";
		};
		83344ACF246F2083006A0D3A /* LaunchScreen.storyboard */ = {
			isa = PBXVariantGroup;
			children = (
				83344AD0246F2083006A0D3A /* Base */,
			);
			name = LaunchScreen.storyboard;
			sourceTree = "<group>";
		};
/* End PBXVariantGroup section */

/* Begin XCBuildConfiguration section */
		83344AD3246F2083006A0D3A /* Debug */ = {
			isa = XCBuildConfiguration;
			buildSettings = {
				ALWAYS_SEARCH_USER_PATHS = NO;
				CLANG_ANALYZER_NONNULL = YES;
				CLANG_ANALYZER_NUMBER_OBJECT_CONVERSION = YES_AGGRESSIVE;
				CLANG_CXX_LANGUAGE_STANDARD = "gnu++14";
				CLANG_CXX_LIBRARY = "libc++";
				CLANG_ENABLE_MODULES = YES;
				CLANG_ENABLE_OBJC_ARC = YES;
				CLANG_ENABLE_OBJC_WEAK = YES;
				CLANG_WARN_BLOCK_CAPTURE_AUTORELEASING = YES;
				CLANG_WARN_BOOL_CONVERSION = YES;
				CLANG_WARN_COMMA = YES;
				CLANG_WARN_CONSTANT_CONVERSION = YES;
				CLANG_WARN_DEPRECATED_OBJC_IMPLEMENTATIONS = YES;
				CLANG_WARN_DIRECT_OBJC_ISA_USAGE = YES_ERROR;
				CLANG_WARN_DOCUMENTATION_COMMENTS = YES;
				CLANG_WARN_EMPTY_BODY = YES;
				CLANG_WARN_ENUM_CONVERSION = YES;
				CLANG_WARN_INFINITE_RECURSION = YES;
				CLANG_WARN_INT_CONVERSION = YES;
				CLANG_WARN_NON_LITERAL_NULL_CONVERSION = YES;
				CLANG_WARN_OBJC_IMPLICIT_RETAIN_SELF = YES;
				CLANG_WARN_OBJC_LITERAL_CONVERSION = YES;
				CLANG_WARN_OBJC_ROOT_CLASS = YES_ERROR;
				CLANG_WARN_RANGE_LOOP_ANALYSIS = YES;
				CLANG_WARN_STRICT_PROTOTYPES = YES;
				CLANG_WARN_SUSPICIOUS_MOVE = YES;
				CLANG_WARN_UNGUARDED_AVAILABILITY = YES_AGGRESSIVE;
				CLANG_WARN_UNREACHABLE_CODE = YES;
				CLANG_WARN__DUPLICATE_METHOD_MATCH = YES;
				COPY_PHASE_STRIP = NO;
				DEBUG_INFORMATION_FORMAT = dwarf;
				ENABLE_STRICT_OBJC_MSGSEND = YES;
				ENABLE_TESTABILITY = YES;
				GCC_C_LANGUAGE_STANDARD = gnu11;
				GCC_DYNAMIC_NO_PIC = NO;
				GCC_NO_COMMON_BLOCKS = YES;
				GCC_OPTIMIZATION_LEVEL = 0;
				GCC_PREPROCESSOR_DEFINITIONS = (
					"DEBUG=1",
					"$(inherited)",
				);
				GCC_WARN_64_TO_32_BIT_CONVERSION = YES;
				GCC_WARN_ABOUT_RETURN_TYPE = YES_ERROR;
				GCC_WARN_UNDECLARED_SELECTOR = YES;
				GCC_WARN_UNINITIALIZED_AUTOS = YES_AGGRESSIVE;
				GCC_WARN_UNUSED_FUNCTION = YES;
				GCC_WARN_UNUSED_VARIABLE = YES;
				IPHONEOS_DEPLOYMENT_TARGET = 13.4;
				MTL_ENABLE_DEBUG_INFO = INCLUDE_SOURCE;
				MTL_FAST_MATH = YES;
				ONLY_ACTIVE_ARCH = YES;
				SDKROOT = iphoneos;
				SWIFT_ACTIVE_COMPILATION_CONDITIONS = DEBUG;
				SWIFT_OPTIMIZATION_LEVEL = "-Onone";
			};
			name = Debug;
		};
		83344AD4246F2083006A0D3A /* Release */ = {
			isa = XCBuildConfiguration;
			buildSettings = {
				ALWAYS_SEARCH_USER_PATHS = NO;
				CLANG_ANALYZER_NONNULL = YES;
				CLANG_ANALYZER_NUMBER_OBJECT_CONVERSION = YES_AGGRESSIVE;
				CLANG_CXX_LANGUAGE_STANDARD = "gnu++14";
				CLANG_CXX_LIBRARY = "libc++";
				CLANG_ENABLE_MODULES = YES;
				CLANG_ENABLE_OBJC_ARC = YES;
				CLANG_ENABLE_OBJC_WEAK = YES;
				CLANG_WARN_BLOCK_CAPTURE_AUTORELEASING = YES;
				CLANG_WARN_BOOL_CONVERSION = YES;
				CLANG_WARN_COMMA = YES;
				CLANG_WARN_CONSTANT_CONVERSION = YES;
				CLANG_WARN_DEPRECATED_OBJC_IMPLEMENTATIONS = YES;
				CLANG_WARN_DIRECT_OBJC_ISA_USAGE = YES_ERROR;
				CLANG_WARN_DOCUMENTATION_COMMENTS = YES;
				CLANG_WARN_EMPTY_BODY = YES;
				CLANG_WARN_ENUM_CONVERSION = YES;
				CLANG_WARN_INFINITE_RECURSION = YES;
				CLANG_WARN_INT_CONVERSION = YES;
				CLANG_WARN_NON_LITERAL_NULL_CONVERSION = YES;
				CLANG_WARN_OBJC_IMPLICIT_RETAIN_SELF = YES;
				CLANG_WARN_OBJC_LITERAL_CONVERSION = YES;
				CLANG_WARN_OBJC_ROOT_CLASS = YES_ERROR;
				CLANG_WARN_RANGE_LOOP_ANALYSIS = YES;
				CLANG_WARN_STRICT_PROTOTYPES = YES;
				CLANG_WARN_SUSPICIOUS_MOVE = YES;
				CLANG_WARN_UNGUARDED_AVAILABILITY = YES_AGGRESSIVE;
				CLANG_WARN_UNREACHABLE_CODE = YES;
				CLANG_WARN__DUPLICATE_METHOD_MATCH = YES;
				COPY_PHASE_STRIP = NO;
				DEBUG_INFORMATION_FORMAT = "dwarf-with-dsym";
				ENABLE_NS_ASSERTIONS = NO;
				ENABLE_STRICT_OBJC_MSGSEND = YES;
				GCC_C_LANGUAGE_STANDARD = gnu11;
				GCC_NO_COMMON_BLOCKS = YES;
				GCC_WARN_64_TO_32_BIT_CONVERSION = YES;
				GCC_WARN_ABOUT_RETURN_TYPE = YES_ERROR;
				GCC_WARN_UNDECLARED_SELECTOR = YES;
				GCC_WARN_UNINITIALIZED_AUTOS = YES_AGGRESSIVE;
				GCC_WARN_UNUSED_FUNCTION = YES;
				GCC_WARN_UNUSED_VARIABLE = YES;
				IPHONEOS_DEPLOYMENT_TARGET = 13.4;
				MTL_ENABLE_DEBUG_INFO = NO;
				MTL_FAST_MATH = YES;
				SDKROOT = iphoneos;
				SWIFT_COMPILATION_MODE = wholemodule;
				SWIFT_OPTIMIZATION_LEVEL = "-O";
				VALIDATE_PRODUCT = YES;
			};
			name = Release;
		};
		83344AD6246F2083006A0D3A /* Debug */ = {
			isa = XCBuildConfiguration;
			buildSettings = {
				ASSETCATALOG_COMPILER_APPICON_NAME = AppIcon;
				CODE_SIGN_STYLE = Automatic;
				DEVELOPMENT_TEAM = 9A7GBLJZN3;
				INFOPLIST_FILE = SeeFood/Info.plist;
				LD_RUNPATH_SEARCH_PATHS = (
					"$(inherited)",
					"@executable_path/Frameworks",
				);
				PRODUCT_BUNDLE_IDENTIFIER = com.andraejhenry.SeeFood;
				PRODUCT_NAME = "$(TARGET_NAME)";
				SWIFT_VERSION = 5.0;
				TARGETED_DEVICE_FAMILY = "1,2";
			};
			name = Debug;
		};
		83344AD7246F2083006A0D3A /* Release */ = {
			isa = XCBuildConfiguration;
			buildSettings = {
				ASSETCATALOG_COMPILER_APPICON_NAME = AppIcon;
				CODE_SIGN_STYLE = Automatic;
				DEVELOPMENT_TEAM = 9A7GBLJZN3;
				INFOPLIST_FILE = SeeFood/Info.plist;
				LD_RUNPATH_SEARCH_PATHS = (
					"$(inherited)",
					"@executable_path/Frameworks",
				);
				PRODUCT_BUNDLE_IDENTIFIER = com.andraejhenry.SeeFood;
				PRODUCT_NAME = "$(TARGET_NAME)";
				SWIFT_VERSION = 5.0;
				TARGETED_DEVICE_FAMILY = "1,2";
			};
			name = Release;
		};
/* End XCBuildConfiguration section */

/* Begin XCConfigurationList section */
		83344AB9246F207E006A0D3A /* Build configuration list for PBXProject "SeeFood" */ = {
			isa = XCConfigurationList;
			buildConfigurations = (
				83344AD3246F2083006A0D3A /* Debug */,
				83344AD4246F2083006A0D3A /* Release */,
			);
			defaultConfigurationIsVisible = 0;
			defaultConfigurationName = Release;
		};
		83344AD5246F2083006A0D3A /* Build configuration list for PBXNativeTarget "SeeFood" */ = {
			isa = XCConfigurationList;
			buildConfigurations = (
				83344AD6246F2083006A0D3A /* Debug */,
				83344AD7246F2083006A0D3A /* Release */,
			);
			defaultConfigurationIsVisible = 0;
			defaultConfigurationName = Release;
		};
/* End XCConfigurationList section */

/* Begin XCVersionGroup section */
		83344ACA246F207E006A0D3A /* SeeFood.xcdatamodeld */ = {
			isa = XCVersionGroup;
			children = (
				83344ACB246F207E006A0D3A /* SeeFood.xcdatamodel */,
			);
			currentVersion = 83344ACB246F207E006A0D3A /* SeeFood.xcdatamodel */;
			path = SeeFood.xcdatamodeld;
			sourceTree = "<group>";
			versionGroupType = wrapper.xcdatamodel;
		};
/* End XCVersionGroup section */
	};
	rootObject = 83344AB6246F207D006A0D3A /* Project object */;
}
